
Microsoft Visual Studio Solution File, Format Version 12.00
# Visual Studio Version 17
VisualStudioVersion = 17.14.36109.1 d17.14
MinimumVisualStudioVersion = 10.0.40219.1
Project("{FAE04EC0-301F-11D3-BF4B-00C04F79EFBC}") = "AssignmentOne", "AssignmentOneC#\AssignmentOne.csproj", "{3B9BA78B-51D6-4436-9CA6-7D04457D6492}"
EndProject
Project("{FAE04EC0-301F-11D3-BF4B-00C04F79EFBC}") = "Demo", "Demo\Demo.csproj", "{3866F518-113B-4BA1-89B5-547ECF2591AB}"
EndProject
Global
	GlobalSection(SolutionConfigurationPlatforms) = preSolution
		Debug|Any CPU = Debug|Any CPU
		Release|Any CPU = Release|Any CPU
	EndGlobalSection
	GlobalSection(ProjectConfigurationPlatforms) = postSolution
		{3B9BA78B-51D6-4436-9CA6-7D04457D6492}.Debug|Any CPU.ActiveCfg = Debug|Any CPU
		{3B9BA78B-51D6-4436-9CA6-7D04457D6492}.Debug|Any CPU.Build.0 = Debug|Any CPU
		{3B9BA78B-51D6-4436-9CA6-7D04457D6492}.Release|Any CPU.ActiveCfg = Release|Any CPU
		{3B9BA78B-51D6-4436-9CA6-7D04457D6492}.Release|Any CPU.Build.0 = Release|Any CPU
		{3866F518-113B-4BA1-89B5-547ECF2591AB}.Debug|Any CPU.ActiveCfg = Debug|Any CPU
		{3866F518-113B-4BA1-89B5-547ECF2591AB}.Debug|Any CPU.Build.0 = Debug|Any CPU
		{3866F518-113B-4BA1-89B5-547ECF2591AB}.Release|Any CPU.ActiveCfg = Release|Any CPU
		{3866F518-113B-4BA1-89B5-547ECF2591AB}.Release|Any CPU.Build.0 = Release|Any CPU
	EndGlobalSection
	GlobalSection(SolutionProperties) = preSolution
		HideSolutionNode = FALSE
	EndGlobalSection
	GlobalSection(ExtensibilityGlobals) = postSolution
		SolutionGuid = {1FC37A91-A362-444B-AC1A-E3E34300DCA5}
	EndGlobalSection
EndGlobal
